<?xml version="1.0" encoding="utf-8"?>
<Project ToolsVersion="4.0" xmlns="http://schemas.microsoft.com/developer/msbuild/2003">
  <ItemGroup>
    <ClCompile Include="..\layers.c">
      <Filter>Source Files</Filter>
    </ClCompile>
    <ClCompile Include="..\sptl.c">
      <Filter>Source Files</Filter>
    </ClCompile>
  </ItemGroup>
  <ItemGroup>
    <ClInclude Include="..\sptl.h">
      <Filter>Header Files</Filter>
    </ClInclude>
    <ClInclude Include="..\sptl_int.h">
      <Filter>Header Files</Filter>
    </ClInclude>
  </ItemGroup>
  <ItemGroup>
    <Filter Include="Source Files">
      <UniqueIdentifier>{46e02fdf-1e8f-47dc-8a3d-e103c617ada5}</UniqueIdentifier>
    </Filter>
    <Filter Include="Header Files">
      <UniqueIdentifier>{1eb95cb3-186d-4b3e-90b5-25c77e32fe69}</UniqueIdentifier>
    </Filter>
  </ItemGroup>
</Project>